
Microsoft Visual Studio Solution File, Format Version 12.00
# Visual Studio 15
VisualStudioVersion = 15.0.27004.2009
MinimumVisualStudioVersion = 10.0.40219.1
Project("{FAE04EC0-301F-11D3-BF4B-00C04F79EFBC}") = "matomeTool", "matomeTool\matomeTool.csproj", "{5EACE718-0AF8-48CE-A0A2-EDFDD5BB35EF}"
EndProject
Global
	GlobalSection(SolutionConfigurationPlatforms) = preSolution
		Debug|Any CPU = Debug|Any CPU
		Release|Any CPU = Release|Any CPU
	EndGlobalSection
	GlobalSection(ProjectConfigurationPlatforms) = postSolution
		{5EACE718-0AF8-48CE-A0A2-EDFDD5BB35EF}.Debug|Any CPU.ActiveCfg = Debug|Any CPU
		{5EACE718-0AF8-48CE-A0A2-EDFDD5BB35EF}.Debug|Any CPU.Build.0 = Debug|Any CPU
		{5EACE718-0AF8-48CE-A0A2-EDFDD5BB35EF}.Release|Any CPU.ActiveCfg = Release|Any CPU
		{5EACE718-0AF8-48CE-A0A2-EDFDD5BB35EF}.Release|Any CPU.Build.0 = Release|Any CPU
	EndGlobalSection
	GlobalSection(SolutionProperties) = preSolution
		HideSolutionNode = FALSE
	EndGlobalSection
	GlobalSection(ExtensibilityGlobals) = postSolution
		SolutionGuid = {5A51278F-F5FE-4896-978A-9732F592DB49}
	EndGlobalSection
EndGlobal
